
Microsoft Visual Studio Solution File, Format Version 12.00
# Visual Studio Version 16
VisualStudioVersion = 16.0.30804.86
MinimumVisualStudioVersion = 10.0.40219.1
Project("{FAE04EC0-301F-11D3-BF4B-00C04F79EFBC}") = "CovidWPF", "CovidWPF.csproj", "{B83F83EA-5004-4CF5-9F3D-A4413CCB88D9}"
EndProject
Global
	GlobalSection(SolutionConfigurationPlatforms) = preSolution
		Debug|Any CPU = Debug|Any CPU
		Release|Any CPU = Release|Any CPU
	EndGlobalSection
	GlobalSection(ProjectConfigurationPlatforms) = postSolution
		{B83F83EA-5004-4CF5-9F3D-A4413CCB88D9}.Debug|Any CPU.ActiveCfg = Debug|Any CPU
		{B83F83EA-5004-4CF5-9F3D-A4413CCB88D9}.Debug|Any CPU.Build.0 = Debug|Any CPU
		{B83F83EA-5004-4CF5-9F3D-A4413CCB88D9}.Release|Any CPU.ActiveCfg = Release|Any CPU
		{B83F83EA-5004-4CF5-9F3D-A4413CCB88D9}.Release|Any CPU.Build.0 = Release|Any CPU
	EndGlobalSection
	GlobalSection(SolutionProperties) = preSolution
		HideSolutionNode = FALSE
	EndGlobalSection
	GlobalSection(ExtensibilityGlobals) = postSolution
		SolutionGuid = {5AFF2593-B162-4F35-9C5D-7128CABC0ED8}
	EndGlobalSection
EndGlobal
